// !$*UTF8*$!
{
	archiveVersion = 1;
	classes = {
	};
	objectVersion = 47;
	objects = {

/* Begin PBXBuildFile section */
		2703B4F4248E204E00FB50F9 /* SFWConfiguration.swift in Sources */ = {isa = PBXBuildFile; fileRef = 2703B4F3248E204E00FB50F9 /* SFWConfiguration.swift */; };
		270550A6255D4F9F008D331B /* MockSliceCalculation.swift in Sources */ = {isa = PBXBuildFile; fileRef = 270550A2255D4F76008D331B /* MockSliceCalculation.swift */; };
		270550AC255D501E008D331B /* MockWheelMathCalculation.swift in Sources */ = {isa = PBXBuildFile; fileRef = 270550AB255D501E008D331B /* MockWheelMathCalculation.swift */; };
		270550B1255D5104008D331B /* CalculationTests.swift in Sources */ = {isa = PBXBuildFile; fileRef = 270550B0255D5104008D331B /* CalculationTests.swift */; };
		27105670248D4C93006C0181 /* TextPreferences.swift in Sources */ = {isa = PBXBuildFile; fileRef = 27105653248D4C93006C0181 /* TextPreferences.swift */; };
		27105671248D4C93006C0181 /* ImagePreferences.swift in Sources */ = {isa = PBXBuildFile; fileRef = 27105654248D4C93006C0181 /* ImagePreferences.swift */; };
		27105673248D4C93006C0181 /* SliceDrawing.swift in Sources */ = {isa = PBXBuildFile; fileRef = 27105658248D4C93006C0181 /* SliceDrawing.swift */; };
		27105674248D4C93006C0181 /* CurveTextDrawing.swift in Sources */ = {isa = PBXBuildFile; fileRef = 27105659248D4C93006C0181 /* CurveTextDrawing.swift */; };
		27105675248D4C93006C0181 /* SpinningAnimatable.swift in Sources */ = {isa = PBXBuildFile; fileRef = 2710565B248D4C93006C0181 /* SpinningAnimatable.swift */; };
		27105677248D4C93006C0181 /* SpinningWheelAnimator.swift in Sources */ = {isa = PBXBuildFile; fileRef = 2710565D248D4C93006C0181 /* SpinningWheelAnimator.swift */; };
		27105678248D4C93006C0181 /* SliceCalculating.swift in Sources */ = {isa = PBXBuildFile; fileRef = 2710565F248D4C93006C0181 /* SliceCalculating.swift */; };
		27105679248D4C93006C0181 /* WheelMathCalculating.swift in Sources */ = {isa = PBXBuildFile; fileRef = 27105660248D4C93006C0181 /* WheelMathCalculating.swift */; };
		2710567A248D4C93006C0181 /* Slice.swift in Sources */ = {isa = PBXBuildFile; fileRef = 27105662248D4C93006C0181 /* Slice.swift */; };
		2710567B248D4C93006C0181 /* UIFont+Size.swift in Sources */ = {isa = PBXBuildFile; fileRef = 27105664248D4C93006C0181 /* UIFont+Size.swift */; };
		2710567C248D4C93006C0181 /* Color+Random.swift in Sources */ = {isa = PBXBuildFile; fileRef = 27105665248D4C93006C0181 /* Color+Random.swift */; };
		2710567D248D4C93006C0181 /* String+Crop.swift in Sources */ = {isa = PBXBuildFile; fileRef = 27105666248D4C93006C0181 /* String+Crop.swift */; };
		2710567E248D4C93006C0181 /* UIImage+TintColor.swift in Sources */ = {isa = PBXBuildFile; fileRef = 27105667248D4C93006C0181 /* UIImage+TintColor.swift */; };
		2710567F248D4C93006C0181 /* CGRest+AspectFit.swift in Sources */ = {isa = PBXBuildFile; fileRef = 27105668248D4C93006C0181 /* CGRest+AspectFit.swift */; };
		27105680248D4C93006C0181 /* Array+Default.swift in Sources */ = {isa = PBXBuildFile; fileRef = 27105669248D4C93006C0181 /* Array+Default.swift */; };
		27105681248D4C93006C0181 /* SwiftFortuneWheel.swift in Sources */ = {isa = PBXBuildFile; fileRef = 2710566A248D4C93006C0181 /* SwiftFortuneWheel.swift */; };
		27105682248D4C93006C0181 /* PinImageView.swift in Sources */ = {isa = PBXBuildFile; fileRef = 2710566C248D4C93006C0181 /* PinImageView.swift */; };
		27105683248D4C93006C0181 /* SpinButton.swift in Sources */ = {isa = PBXBuildFile; fileRef = 2710566D248D4C93006C0181 /* SpinButton.swift */; };
		27105684248D4C93006C0181 /* WheelLayer.swift in Sources */ = {isa = PBXBuildFile; fileRef = 2710566E248D4C93006C0181 /* WheelLayer.swift */; };
		27105685248D4C93006C0181 /* WheelView.swift in Sources */ = {isa = PBXBuildFile; fileRef = 2710566F248D4C93006C0181 /* WheelView.swift */; };
		2710F813254A9A6C00033887 /* CollisionCalculator.swift in Sources */ = {isa = PBXBuildFile; fileRef = 2710F812254A9A6C00033887 /* CollisionCalculator.swift */; };
		2710F817254A9C5100033887 /* ContinuousCollisionCalculator.swift in Sources */ = {isa = PBXBuildFile; fileRef = 2710F816254A9C5100033887 /* ContinuousCollisionCalculator.swift */; };
		2710F81B254ABA3900033887 /* CollisionDetectable.swift in Sources */ = {isa = PBXBuildFile; fileRef = 2710F81A254ABA3900033887 /* CollisionDetectable.swift */; };
		271C192F254841370042A316 /* AudioFile.swift in Sources */ = {isa = PBXBuildFile; fileRef = 271C192E254841370042A316 /* AudioFile.swift */; };
		2720684224BC31190025815D /* macOSPort.swift in Sources */ = {isa = PBXBuildFile; fileRef = 2720684124BC31190025815D /* macOSPort.swift */; };
		2722559924BCA4A400950563 /* NSView+AnchorPoint.swift in Sources */ = {isa = PBXBuildFile; fileRef = 2722559824BCA4A400950563 /* NSView+AnchorPoint.swift */; };
		2722559B24BCD7F400950563 /* NoClippingLayer.swift in Sources */ = {isa = PBXBuildFile; fileRef = 2722559A24BCD7F300950563 /* NoClippingLayer.swift */; };
		2725A0342549386C00C6F7CF /* CollisionType.swift in Sources */ = {isa = PBXBuildFile; fileRef = 2725A0332549386C00C6F7CF /* CollisionType.swift */; };
		275855A825628E8B009B69D0 /* CollisionEffect.swift in Sources */ = {isa = PBXBuildFile; fileRef = 275855A725628E8B009B69D0 /* CollisionEffect.swift */; };
		275855AC25628ED9009B69D0 /* PinImageViewCollisionAnimator.swift in Sources */ = {isa = PBXBuildFile; fileRef = 275855AB25628ED9009B69D0 /* PinImageViewCollisionAnimator.swift */; };
		277A6EBE249A9B450066C807 /* LinePreferences.swift in Sources */ = {isa = PBXBuildFile; fileRef = 277A6EBD249A9B450066C807 /* LinePreferences.swift */; };
		277BB2B2253B3AB5007E7E93 /* CollisionDetector.swift in Sources */ = {isa = PBXBuildFile; fileRef = 277BB2B1253B3AB5007E7E93 /* CollisionDetector.swift */; };
		277C4C2B24C85D25007580F4 /* CGRect+AspectFill.swift in Sources */ = {isa = PBXBuildFile; fileRef = 277C4C2A24C85D25007580F4 /* CGRect+AspectFill.swift */; };
		277FCC70251DC3F600CC6590 /* CAAnimationGroup+Builder.swift in Sources */ = {isa = PBXBuildFile; fileRef = 277FCC6F251DC3F600CC6590 /* CAAnimationGroup+Builder.swift */; };
		277FCC77251DC69900CC6590 /* CAAnimation+Duration.swift in Sources */ = {isa = PBXBuildFile; fileRef = 277FCC76251DC69900CC6590 /* CAAnimation+Duration.swift */; };
		277FCC7B251DC89700CC6590 /* CALayer+UpdateValues.swift in Sources */ = {isa = PBXBuildFile; fileRef = 277FCC7A251DC89700CC6590 /* CALayer+UpdateValues.swift */; };
		2787E56E24A728F900533AD4 /* String+Width.swift in Sources */ = {isa = PBXBuildFile; fileRef = 2787E56D24A728F900533AD4 /* String+Width.swift */; };
		2787E57024A7292F00533AD4 /* String+Lines.swift in Sources */ = {isa = PBXBuildFile; fileRef = 2787E56F24A7292F00533AD4 /* String+Lines.swift */; };
		27A5741E253EB46300B060FF /* AudioPlayer.swift in Sources */ = {isa = PBXBuildFile; fileRef = 27A5741D253EB46300B060FF /* AudioPlayer.swift */; };
		27A57422253EB46D00B060FF /* AudioPlayerManager.swift in Sources */ = {isa = PBXBuildFile; fileRef = 27A57421253EB46D00B060FF /* AudioPlayerManager.swift */; };
		27A57426253EB57900B060FF /* AudioError.swift in Sources */ = {isa = PBXBuildFile; fileRef = 27A57425253EB57900B060FF /* AudioError.swift */; };
		27A5742A253EB71400B060FF /* SynchronizedArray.swift in Sources */ = {isa = PBXBuildFile; fileRef = 27A57429253EB71400B060FF /* SynchronizedArray.swift */; };
		27A5742E253EB81200B060FF /* SynchronizedDictionary.swift in Sources */ = {isa = PBXBuildFile; fileRef = 27A5742D253EB81200B060FF /* SynchronizedDictionary.swift */; };
		27E291C02550300800486B6D /* AudioPlayable.swift in Sources */ = {isa = PBXBuildFile; fileRef = 27E291BF2550300800486B6D /* AudioPlayable.swift */; };
		27E291C42550309200486B6D /* ImpactFeedbackable.swift in Sources */ = {isa = PBXBuildFile; fileRef = 27E291C32550309200486B6D /* ImpactFeedbackable.swift */; };
		27F4807924AEE406005886F6 /* TextDrawing.swift in Sources */ = {isa = PBXBuildFile; fileRef = 27F4807824AEE406005886F6 /* TextDrawing.swift */; };
		27F4807B24AEE426005886F6 /* ShapeDrawing.swift in Sources */ = {isa = PBXBuildFile; fileRef = 27F4807A24AEE426005886F6 /* ShapeDrawing.swift */; };
		27F4807D24AEE431005886F6 /* ImageDrawing.swift in Sources */ = {isa = PBXBuildFile; fileRef = 27F4807C24AEE431005886F6 /* ImageDrawing.swift */; };
		27F4807F24AEE5C6005886F6 /* Calc.swift in Sources */ = {isa = PBXBuildFile; fileRef = 27F4807E24AEE5C6005886F6 /* Calc.swift */; };
		27F7D5BD24A5CB6A004BEE19 /* String+Split.swift in Sources */ = {isa = PBXBuildFile; fileRef = 27F7D5BC24A5CB6A004BEE19 /* String+Split.swift */; };
		27F7D5BF24A5F6B0004BEE19 /* String+Dots.swift in Sources */ = {isa = PBXBuildFile; fileRef = 27F7D5BE24A5F6B0004BEE19 /* String+Dots.swift */; };
		52D6D9871BEFF229002C0205 /* SwiftFortuneWheel.framework in Frameworks */ = {isa = PBXBuildFile; fileRef = 52D6D97C1BEFF229002C0205 /* SwiftFortuneWheel.framework */; };
		8933C7901EB5B82D000D00A4 /* SwiftFortuneWheelTests.swift in Sources */ = {isa = PBXBuildFile; fileRef = 8933C7891EB5B82A000D00A4 /* SwiftFortuneWheelTests.swift */; };
/* End PBXBuildFile section */

/* Begin PBXContainerItemProxy section */
		52D6D9881BEFF229002C0205 /* PBXContainerItemProxy */ = {
			isa = PBXContainerItemProxy;
			containerPortal = 52D6D9731BEFF229002C0205 /* Project object */;
			proxyType = 1;
			remoteGlobalIDString = 52D6D97B1BEFF229002C0205;
			remoteInfo = SwiftFortuneWheel;
		};
/* End PBXContainerItemProxy section */

/* Begin PBXFileReference section */
		2703B4F3248E204E00FB50F9 /* SFWConfiguration.swift */ = {isa = PBXFileReference; fileEncoding = 4; lastKnownFileType = sourcecode.swift; path = SFWConfiguration.swift; sourceTree = "<group>"; };
		270550A2255D4F76008D331B /* MockSliceCalculation.swift */ = {isa = PBXFileReference; lastKnownFileType = sourcecode.swift; path = MockSliceCalculation.swift; sourceTree = "<group>"; };
		270550AB255D501E008D331B /* MockWheelMathCalculation.swift */ = {isa = PBXFileReference; lastKnownFileType = sourcecode.swift; path = MockWheelMathCalculation.swift; sourceTree = "<group>"; };
		270550B0255D5104008D331B /* CalculationTests.swift */ = {isa = PBXFileReference; lastKnownFileType = sourcecode.swift; path = CalculationTests.swift; sourceTree = "<group>"; };
		27105653248D4C93006C0181 /* TextPreferences.swift */ = {isa = PBXFileReference; fileEncoding = 4; lastKnownFileType = sourcecode.swift; path = TextPreferences.swift; sourceTree = "<group>"; };
		27105654248D4C93006C0181 /* ImagePreferences.swift */ = {isa = PBXFileReference; fileEncoding = 4; lastKnownFileType = sourcecode.swift; path = ImagePreferences.swift; sourceTree = "<group>"; };
		27105658248D4C93006C0181 /* SliceDrawing.swift */ = {isa = PBXFileReference; fileEncoding = 4; lastKnownFileType = sourcecode.swift; path = SliceDrawing.swift; sourceTree = "<group>"; };
		27105659248D4C93006C0181 /* CurveTextDrawing.swift */ = {isa = PBXFileReference; fileEncoding = 4; lastKnownFileType = sourcecode.swift; path = CurveTextDrawing.swift; sourceTree = "<group>"; };
		2710565B248D4C93006C0181 /* SpinningAnimatable.swift */ = {isa = PBXFileReference; fileEncoding = 4; lastKnownFileType = sourcecode.swift; path = SpinningAnimatable.swift; sourceTree = "<group>"; };
		2710565D248D4C93006C0181 /* SpinningWheelAnimator.swift */ = {isa = PBXFileReference; fileEncoding = 4; lastKnownFileType = sourcecode.swift; path = SpinningWheelAnimator.swift; sourceTree = "<group>"; };
		2710565F248D4C93006C0181 /* SliceCalculating.swift */ = {isa = PBXFileReference; fileEncoding = 4; lastKnownFileType = sourcecode.swift; path = SliceCalculating.swift; sourceTree = "<group>"; };
		27105660248D4C93006C0181 /* WheelMathCalculating.swift */ = {isa = PBXFileReference; fileEncoding = 4; lastKnownFileType = sourcecode.swift; path = WheelMathCalculating.swift; sourceTree = "<group>"; };
		27105662248D4C93006C0181 /* Slice.swift */ = {isa = PBXFileReference; fileEncoding = 4; lastKnownFileType = sourcecode.swift; path = Slice.swift; sourceTree = "<group>"; };
		27105664248D4C93006C0181 /* UIFont+Size.swift */ = {isa = PBXFileReference; fileEncoding = 4; lastKnownFileType = sourcecode.swift; path = "UIFont+Size.swift"; sourceTree = "<group>"; };
		27105665248D4C93006C0181 /* Color+Random.swift */ = {isa = PBXFileReference; fileEncoding = 4; lastKnownFileType = sourcecode.swift; path = "Color+Random.swift"; sourceTree = "<group>"; };
		27105666248D4C93006C0181 /* String+Crop.swift */ = {isa = PBXFileReference; fileEncoding = 4; lastKnownFileType = sourcecode.swift; path = "String+Crop.swift"; sourceTree = "<group>"; };
		27105667248D4C93006C0181 /* UIImage+TintColor.swift */ = {isa = PBXFileReference; fileEncoding = 4; lastKnownFileType = sourcecode.swift; path = "UIImage+TintColor.swift"; sourceTree = "<group>"; };
		27105668248D4C93006C0181 /* CGRest+AspectFit.swift */ = {isa = PBXFileReference; fileEncoding = 4; lastKnownFileType = sourcecode.swift; path = "CGRest+AspectFit.swift"; sourceTree = "<group>"; };
		27105669248D4C93006C0181 /* Array+Default.swift */ = {isa = PBXFileReference; fileEncoding = 4; lastKnownFileType = sourcecode.swift; path = "Array+Default.swift"; sourceTree = "<group>"; };
		2710566A248D4C93006C0181 /* SwiftFortuneWheel.swift */ = {isa = PBXFileReference; fileEncoding = 4; lastKnownFileType = sourcecode.swift; path = SwiftFortuneWheel.swift; sourceTree = "<group>"; };
		2710566C248D4C93006C0181 /* PinImageView.swift */ = {isa = PBXFileReference; fileEncoding = 4; lastKnownFileType = sourcecode.swift; path = PinImageView.swift; sourceTree = "<group>"; };
		2710566D248D4C93006C0181 /* SpinButton.swift */ = {isa = PBXFileReference; fileEncoding = 4; lastKnownFileType = sourcecode.swift; path = SpinButton.swift; sourceTree = "<group>"; };
		2710566E248D4C93006C0181 /* WheelLayer.swift */ = {isa = PBXFileReference; fileEncoding = 4; lastKnownFileType = sourcecode.swift; path = WheelLayer.swift; sourceTree = "<group>"; };
		2710566F248D4C93006C0181 /* WheelView.swift */ = {isa = PBXFileReference; fileEncoding = 4; lastKnownFileType = sourcecode.swift; path = WheelView.swift; sourceTree = "<group>"; };
		2710F812254A9A6C00033887 /* CollisionCalculator.swift */ = {isa = PBXFileReference; lastKnownFileType = sourcecode.swift; path = CollisionCalculator.swift; sourceTree = "<group>"; };
		2710F816254A9C5100033887 /* ContinuousCollisionCalculator.swift */ = {isa = PBXFileReference; lastKnownFileType = sourcecode.swift; path = ContinuousCollisionCalculator.swift; sourceTree = "<group>"; };
		2710F81A254ABA3900033887 /* CollisionDetectable.swift */ = {isa = PBXFileReference; lastKnownFileType = sourcecode.swift; path = CollisionDetectable.swift; sourceTree = "<group>"; };
		271C192E254841370042A316 /* AudioFile.swift */ = {isa = PBXFileReference; lastKnownFileType = sourcecode.swift; path = AudioFile.swift; sourceTree = "<group>"; };
		2720684124BC31190025815D /* macOSPort.swift */ = {isa = PBXFileReference; lastKnownFileType = sourcecode.swift; path = macOSPort.swift; sourceTree = "<group>"; };
		2722559824BCA4A400950563 /* NSView+AnchorPoint.swift */ = {isa = PBXFileReference; lastKnownFileType = sourcecode.swift; path = "NSView+AnchorPoint.swift"; sourceTree = "<group>"; };
		2722559A24BCD7F300950563 /* NoClippingLayer.swift */ = {isa = PBXFileReference; lastKnownFileType = sourcecode.swift; path = NoClippingLayer.swift; sourceTree = "<group>"; };
		2725A0332549386C00C6F7CF /* CollisionType.swift */ = {isa = PBXFileReference; lastKnownFileType = sourcecode.swift; path = CollisionType.swift; sourceTree = "<group>"; };
		272B62C524A46FED00F19E41 /* MyPlayground.playground */ = {isa = PBXFileReference; lastKnownFileType = file.playground; path = MyPlayground.playground; sourceTree = "<group>"; xcLanguageSpecificationIdentifier = xcode.lang.swift; };
		275855A725628E8B009B69D0 /* CollisionEffect.swift */ = {isa = PBXFileReference; lastKnownFileType = sourcecode.swift; path = CollisionEffect.swift; sourceTree = "<group>"; };
		275855AB25628ED9009B69D0 /* PinImageViewCollisionAnimator.swift */ = {isa = PBXFileReference; lastKnownFileType = sourcecode.swift; path = PinImageViewCollisionAnimator.swift; sourceTree = "<group>"; };
		277A6EBD249A9B450066C807 /* LinePreferences.swift */ = {isa = PBXFileReference; lastKnownFileType = sourcecode.swift; path = LinePreferences.swift; sourceTree = "<group>"; };
		277BB2B1253B3AB5007E7E93 /* CollisionDetector.swift */ = {isa = PBXFileReference; lastKnownFileType = sourcecode.swift; path = CollisionDetector.swift; sourceTree = "<group>"; };
		277C4C2A24C85D25007580F4 /* CGRect+AspectFill.swift */ = {isa = PBXFileReference; lastKnownFileType = sourcecode.swift; path = "CGRect+AspectFill.swift"; sourceTree = "<group>"; };
		277FCC6F251DC3F600CC6590 /* CAAnimationGroup+Builder.swift */ = {isa = PBXFileReference; lastKnownFileType = sourcecode.swift; path = "CAAnimationGroup+Builder.swift"; sourceTree = "<group>"; };
		277FCC76251DC69900CC6590 /* CAAnimation+Duration.swift */ = {isa = PBXFileReference; lastKnownFileType = sourcecode.swift; path = "CAAnimation+Duration.swift"; sourceTree = "<group>"; };
		277FCC7A251DC89700CC6590 /* CALayer+UpdateValues.swift */ = {isa = PBXFileReference; lastKnownFileType = sourcecode.swift; path = "CALayer+UpdateValues.swift"; sourceTree = "<group>"; };
		2787E56D24A728F900533AD4 /* String+Width.swift */ = {isa = PBXFileReference; lastKnownFileType = sourcecode.swift; path = "String+Width.swift"; sourceTree = "<group>"; };
		2787E56F24A7292F00533AD4 /* String+Lines.swift */ = {isa = PBXFileReference; lastKnownFileType = sourcecode.swift; path = "String+Lines.swift"; sourceTree = "<group>"; };
		27A5741D253EB46300B060FF /* AudioPlayer.swift */ = {isa = PBXFileReference; lastKnownFileType = sourcecode.swift; path = AudioPlayer.swift; sourceTree = "<group>"; };
		27A57421253EB46D00B060FF /* AudioPlayerManager.swift */ = {isa = PBXFileReference; lastKnownFileType = sourcecode.swift; path = AudioPlayerManager.swift; sourceTree = "<group>"; };
		27A57425253EB57900B060FF /* AudioError.swift */ = {isa = PBXFileReference; lastKnownFileType = sourcecode.swift; path = AudioError.swift; sourceTree = "<group>"; };
		27A57429253EB71400B060FF /* SynchronizedArray.swift */ = {isa = PBXFileReference; fileEncoding = 4; lastKnownFileType = sourcecode.swift; path = SynchronizedArray.swift; sourceTree = "<group>"; };
		27A5742D253EB81200B060FF /* SynchronizedDictionary.swift */ = {isa = PBXFileReference; fileEncoding = 4; lastKnownFileType = sourcecode.swift; path = SynchronizedDictionary.swift; sourceTree = "<group>"; };
		27E291BF2550300800486B6D /* AudioPlayable.swift */ = {isa = PBXFileReference; lastKnownFileType = sourcecode.swift; path = AudioPlayable.swift; sourceTree = "<group>"; };
		27E291C32550309200486B6D /* ImpactFeedbackable.swift */ = {isa = PBXFileReference; lastKnownFileType = sourcecode.swift; path = ImpactFeedbackable.swift; sourceTree = "<group>"; };
		27F4807824AEE406005886F6 /* TextDrawing.swift */ = {isa = PBXFileReference; lastKnownFileType = sourcecode.swift; path = TextDrawing.swift; sourceTree = "<group>"; };
		27F4807A24AEE426005886F6 /* ShapeDrawing.swift */ = {isa = PBXFileReference; lastKnownFileType = sourcecode.swift; path = ShapeDrawing.swift; sourceTree = "<group>"; };
		27F4807C24AEE431005886F6 /* ImageDrawing.swift */ = {isa = PBXFileReference; lastKnownFileType = sourcecode.swift; path = ImageDrawing.swift; sourceTree = "<group>"; };
		27F4807E24AEE5C6005886F6 /* Calc.swift */ = {isa = PBXFileReference; lastKnownFileType = sourcecode.swift; path = Calc.swift; sourceTree = "<group>"; };
		27F7D5BC24A5CB6A004BEE19 /* String+Split.swift */ = {isa = PBXFileReference; lastKnownFileType = sourcecode.swift; path = "String+Split.swift"; sourceTree = "<group>"; };
		27F7D5BE24A5F6B0004BEE19 /* String+Dots.swift */ = {isa = PBXFileReference; lastKnownFileType = sourcecode.swift; path = "String+Dots.swift"; sourceTree = "<group>"; };
		52D6D97C1BEFF229002C0205 /* SwiftFortuneWheel.framework */ = {isa = PBXFileReference; explicitFileType = wrapper.framework; includeInIndex = 0; path = SwiftFortuneWheel.framework; sourceTree = BUILT_PRODUCTS_DIR; };
		52D6D9861BEFF229002C0205 /* SwiftFortuneWheelTests.xctest */ = {isa = PBXFileReference; explicitFileType = wrapper.cfbundle; includeInIndex = 0; path = SwiftFortuneWheelTests.xctest; sourceTree = BUILT_PRODUCTS_DIR; };
		8933C7891EB5B82A000D00A4 /* SwiftFortuneWheelTests.swift */ = {isa = PBXFileReference; fileEncoding = 4; lastKnownFileType = sourcecode.swift; path = SwiftFortuneWheelTests.swift; sourceTree = "<group>"; };
		AD2FAA261CD0B6D800659CF4 /* SwiftFortuneWheel.plist */ = {isa = PBXFileReference; fileEncoding = 4; lastKnownFileType = text.plist.xml; path = SwiftFortuneWheel.plist; sourceTree = "<group>"; };
		AD2FAA281CD0B6E100659CF4 /* SwiftFortuneWheelTests.plist */ = {isa = PBXFileReference; fileEncoding = 4; lastKnownFileType = text.plist.xml; path = SwiftFortuneWheelTests.plist; sourceTree = "<group>"; };
/* End PBXFileReference section */

/* Begin PBXFrameworksBuildPhase section */
		52D6D9781BEFF229002C0205 /* Frameworks */ = {
			isa = PBXFrameworksBuildPhase;
			buildActionMask = 2147483647;
			files = (
			);
			runOnlyForDeploymentPostprocessing = 0;
		};
		52D6D9831BEFF229002C0205 /* Frameworks */ = {
			isa = PBXFrameworksBuildPhase;
			buildActionMask = 2147483647;
			files = (
				52D6D9871BEFF229002C0205 /* SwiftFortuneWheel.framework in Frameworks */,
			);
			runOnlyForDeploymentPostprocessing = 0;
		};
/* End PBXFrameworksBuildPhase section */

/* Begin PBXGroup section */
		2705509F255D4F36008D331B /* Utils */ = {
			isa = PBXGroup;
			children = (
				270550A0255D4F3D008D331B /* Calculating */,
			);
			path = Utils;
			sourceTree = "<group>";
		};
		270550A0255D4F3D008D331B /* Calculating */ = {
			isa = PBXGroup;
			children = (
				270550A2255D4F76008D331B /* MockSliceCalculation.swift */,
				270550AB255D501E008D331B /* MockWheelMathCalculation.swift */,
			);
			path = Calculating;
			sourceTree = "<group>";
		};
		270550A1255D4F46008D331B /* Mocks */ = {
			isa = PBXGroup;
			children = (
				2705509F255D4F36008D331B /* Utils */,
			);
			path = Mocks;
			sourceTree = "<group>";
		};
		270550AF255D50DD008D331B /* TestCases */ = {
			isa = PBXGroup;
			children = (
				270550B0255D5104008D331B /* CalculationTests.swift */,
			);
			path = TestCases;
			sourceTree = "<group>";
		};
		27105651248D4C93006C0181 /* SwiftFortuneWheel */ = {
			isa = PBXGroup;
			children = (
				27105652248D4C93006C0181 /* Configuration */,
				27105656248D4C93006C0181 /* Utils */,
				27105661248D4C93006C0181 /* Models */,
				27105663248D4C93006C0181 /* Extensions */,
				2710566A248D4C93006C0181 /* SwiftFortuneWheel.swift */,
				2710566B248D4C93006C0181 /* Views */,
				2720684124BC31190025815D /* macOSPort.swift */,
			);
			path = SwiftFortuneWheel;
			sourceTree = "<group>";
		};
		27105652248D4C93006C0181 /* Configuration */ = {
			isa = PBXGroup;
			children = (
				27105653248D4C93006C0181 /* TextPreferences.swift */,
				27105654248D4C93006C0181 /* ImagePreferences.swift */,
				2703B4F3248E204E00FB50F9 /* SFWConfiguration.swift */,
				277A6EBD249A9B450066C807 /* LinePreferences.swift */,
			);
			path = Configuration;
			sourceTree = "<group>";
		};
		27105656248D4C93006C0181 /* Utils */ = {
			isa = PBXGroup;
			children = (
				27A5741C253EB3F400B060FF /* Audio */,
				27105657248D4C93006C0181 /* Drawing */,
				2710565A248D4C93006C0181 /* Animation */,
				2710565E248D4C93006C0181 /* Calculating */,
			);
			path = Utils;
			sourceTree = "<group>";
		};
		27105657248D4C93006C0181 /* Drawing */ = {
			isa = PBXGroup;
			children = (
				27105658248D4C93006C0181 /* SliceDrawing.swift */,
				27F4807824AEE406005886F6 /* TextDrawing.swift */,
				27105659248D4C93006C0181 /* CurveTextDrawing.swift */,
				27F4807A24AEE426005886F6 /* ShapeDrawing.swift */,
				27F4807C24AEE431005886F6 /* ImageDrawing.swift */,
			);
			path = Drawing;
			sourceTree = "<group>";
		};
		2710565A248D4C93006C0181 /* Animation */ = {
			isa = PBXGroup;
			children = (
				2710F811254A9A3700033887 /* Collision */,
				2710565B248D4C93006C0181 /* SpinningAnimatable.swift */,
				2710565D248D4C93006C0181 /* SpinningWheelAnimator.swift */,
			);
			path = Animation;
			sourceTree = "<group>";
		};
		2710565E248D4C93006C0181 /* Calculating */ = {
			isa = PBXGroup;
			children = (
				2710565F248D4C93006C0181 /* SliceCalculating.swift */,
				27105660248D4C93006C0181 /* WheelMathCalculating.swift */,
				27F4807E24AEE5C6005886F6 /* Calc.swift */,
			);
			path = Calculating;
			sourceTree = "<group>";
		};
		27105661248D4C93006C0181 /* Models */ = {
			isa = PBXGroup;
			children = (
				27A5742D253EB81200B060FF /* SynchronizedDictionary.swift */,
				27A57429253EB71400B060FF /* SynchronizedArray.swift */,
				27105662248D4C93006C0181 /* Slice.swift */,
				271C192E254841370042A316 /* AudioFile.swift */,
				27A57425253EB57900B060FF /* AudioError.swift */,
				2725A0332549386C00C6F7CF /* CollisionType.swift */,
				275855A725628E8B009B69D0 /* CollisionEffect.swift */,
			);
			path = Models;
			sourceTree = "<group>";
		};
		27105663248D4C93006C0181 /* Extensions */ = {
			isa = PBXGroup;
			children = (
				277FCC73251DC3FA00CC6590 /* CoreAnimation */,
				2787E56C24A728DB00533AD4 /* String */,
				27105664248D4C93006C0181 /* UIFont+Size.swift */,
				27105665248D4C93006C0181 /* Color+Random.swift */,
				27105667248D4C93006C0181 /* UIImage+TintColor.swift */,
				27105668248D4C93006C0181 /* CGRest+AspectFit.swift */,
				27105669248D4C93006C0181 /* Array+Default.swift */,
				2722559824BCA4A400950563 /* NSView+AnchorPoint.swift */,
				277C4C2A24C85D25007580F4 /* CGRect+AspectFill.swift */,
			);
			path = Extensions;
			sourceTree = "<group>";
		};
		2710566B248D4C93006C0181 /* Views */ = {
			isa = PBXGroup;
			children = (
				2710566C248D4C93006C0181 /* PinImageView.swift */,
				2710566D248D4C93006C0181 /* SpinButton.swift */,
				2710566E248D4C93006C0181 /* WheelLayer.swift */,
				2710566F248D4C93006C0181 /* WheelView.swift */,
				2722559A24BCD7F300950563 /* NoClippingLayer.swift */,
			);
			path = Views;
			sourceTree = "<group>";
		};
		2710F811254A9A3700033887 /* Collision */ = {
			isa = PBXGroup;
			children = (
				277BB2B1253B3AB5007E7E93 /* CollisionDetector.swift */,
				2710F812254A9A6C00033887 /* CollisionCalculator.swift */,
				2710F816254A9C5100033887 /* ContinuousCollisionCalculator.swift */,
				2710F81A254ABA3900033887 /* CollisionDetectable.swift */,
				275855AB25628ED9009B69D0 /* PinImageViewCollisionAnimator.swift */,
			);
			path = Collision;
			sourceTree = "<group>";
		};
		272B62C224A46DBB00F19E41 /* Playgrounds */ = {
			isa = PBXGroup;
			children = (
				272B62C524A46FED00F19E41 /* MyPlayground.playground */,
			);
			path = Playgrounds;
			sourceTree = "<group>";
		};
		277FCC73251DC3FA00CC6590 /* CoreAnimation */ = {
			isa = PBXGroup;
			children = (
				277FCC6F251DC3F600CC6590 /* CAAnimationGroup+Builder.swift */,
				277FCC76251DC69900CC6590 /* CAAnimation+Duration.swift */,
				277FCC7A251DC89700CC6590 /* CALayer+UpdateValues.swift */,
			);
			path = CoreAnimation;
			sourceTree = "<group>";
		};
		2787E56C24A728DB00533AD4 /* String */ = {
			isa = PBXGroup;
			children = (
				27105666248D4C93006C0181 /* String+Crop.swift */,
				27F7D5BC24A5CB6A004BEE19 /* String+Split.swift */,
				27F7D5BE24A5F6B0004BEE19 /* String+Dots.swift */,
				2787E56D24A728F900533AD4 /* String+Width.swift */,
				2787E56F24A7292F00533AD4 /* String+Lines.swift */,
			);
			path = String;
			sourceTree = "<group>";
		};
		27A5741C253EB3F400B060FF /* Audio */ = {
			isa = PBXGroup;
			children = (
				27A5741D253EB46300B060FF /* AudioPlayer.swift */,
				27A57421253EB46D00B060FF /* AudioPlayerManager.swift */,
				27E291BF2550300800486B6D /* AudioPlayable.swift */,
				27E291C32550309200486B6D /* ImpactFeedbackable.swift */,
			);
			path = Audio;
			sourceTree = "<group>";
		};
		52D6D9721BEFF229002C0205 = {
			isa = PBXGroup;
			children = (
				272B62C224A46DBB00F19E41 /* Playgrounds */,
				8933C7811EB5B7E0000D00A4 /* Sources */,
				8933C7831EB5B7EB000D00A4 /* Tests */,
				52D6D99C1BEFF38C002C0205 /* Configs */,
				52D6D97D1BEFF229002C0205 /* Products */,
			);
			sourceTree = "<group>";
		};
		52D6D97D1BEFF229002C0205 /* Products */ = {
			isa = PBXGroup;
			children = (
				52D6D97C1BEFF229002C0205 /* SwiftFortuneWheel.framework */,
				52D6D9861BEFF229002C0205 /* SwiftFortuneWheelTests.xctest */,
			);
			name = Products;
			sourceTree = "<group>";
		};
		52D6D99C1BEFF38C002C0205 /* Configs */ = {
			isa = PBXGroup;
			children = (
				DD7502721C68FC1B006590AF /* Frameworks */,
				DD7502731C68FC20006590AF /* Tests */,
			);
			path = Configs;
			sourceTree = "<group>";
		};
		8933C7811EB5B7E0000D00A4 /* Sources */ = {
			isa = PBXGroup;
			children = (
				27105651248D4C93006C0181 /* SwiftFortuneWheel */,
			);
			path = Sources;
			sourceTree = "<group>";
		};
		8933C7831EB5B7EB000D00A4 /* Tests */ = {
			isa = PBXGroup;
			children = (
				270550AF255D50DD008D331B /* TestCases */,
				270550A1255D4F46008D331B /* Mocks */,
				8933C7891EB5B82A000D00A4 /* SwiftFortuneWheelTests.swift */,
			);
			name = Tests;
			path = Tests/SwiftFortuneWheelTests;
			sourceTree = "<group>";
		};
		DD7502721C68FC1B006590AF /* Frameworks */ = {
			isa = PBXGroup;
			children = (
				AD2FAA261CD0B6D800659CF4 /* SwiftFortuneWheel.plist */,
			);
			name = Frameworks;
			sourceTree = "<group>";
		};
		DD7502731C68FC20006590AF /* Tests */ = {
			isa = PBXGroup;
			children = (
				AD2FAA281CD0B6E100659CF4 /* SwiftFortuneWheelTests.plist */,
			);
			name = Tests;
			sourceTree = "<group>";
		};
/* End PBXGroup section */

/* Begin PBXHeadersBuildPhase section */
		52D6D9791BEFF229002C0205 /* Headers */ = {
			isa = PBXHeadersBuildPhase;
			buildActionMask = 2147483647;
			files = (
			);
			runOnlyForDeploymentPostprocessing = 0;
		};
/* End PBXHeadersBuildPhase section */

/* Begin PBXNativeTarget section */
		52D6D97B1BEFF229002C0205 /* SwiftFortuneWheel */ = {
			isa = PBXNativeTarget;
			buildConfigurationList = 52D6D9901BEFF229002C0205 /* Build configuration list for PBXNativeTarget "SwiftFortuneWheel" */;
			buildPhases = (
				52D6D9771BEFF229002C0205 /* Sources */,
				52D6D9781BEFF229002C0205 /* Frameworks */,
				52D6D9791BEFF229002C0205 /* Headers */,
				52D6D97A1BEFF229002C0205 /* Resources */,
			);
			buildRules = (
			);
			dependencies = (
			);
			name = SwiftFortuneWheel;
			productName = SwiftFortuneWheel;
			productReference = 52D6D97C1BEFF229002C0205 /* SwiftFortuneWheel.framework */;
			productType = "com.apple.product-type.framework";
		};
		52D6D9851BEFF229002C0205 /* SwiftFortuneWheelTests */ = {
			isa = PBXNativeTarget;
			buildConfigurationList = 52D6D9931BEFF229002C0205 /* Build configuration list for PBXNativeTarget "SwiftFortuneWheelTests" */;
			buildPhases = (
				52D6D9821BEFF229002C0205 /* Sources */,
				52D6D9831BEFF229002C0205 /* Frameworks */,
				52D6D9841BEFF229002C0205 /* Resources */,
			);
			buildRules = (
			);
			dependencies = (
				52D6D9891BEFF229002C0205 /* PBXTargetDependency */,
			);
			name = SwiftFortuneWheelTests;
			productName = SwiftFortuneWheelTests;
			productReference = 52D6D9861BEFF229002C0205 /* SwiftFortuneWheelTests.xctest */;
			productType = "com.apple.product-type.bundle.unit-test";
		};
/* End PBXNativeTarget section */

/* Begin PBXProject section */
		52D6D9731BEFF229002C0205 /* Project object */ = {
			isa = PBXProject;
			attributes = {
				LastSwiftUpdateCheck = 1150;
				LastUpgradeCheck = 1200;
				ORGANIZATIONNAME = SwiftFortuneWheel;
				TargetAttributes = {
					52D6D97B1BEFF229002C0205 = {
						CreatedOnToolsVersion = 7.1;
						LastSwiftMigration = 1020;
					};
					52D6D9851BEFF229002C0205 = {
						CreatedOnToolsVersion = 7.1;
						LastSwiftMigration = 1020;
					};
				};
			};
			buildConfigurationList = 52D6D9761BEFF229002C0205 /* Build configuration list for PBXProject "SwiftFortuneWheel" */;
			compatibilityVersion = "Xcode 6.3";
			developmentRegion = en;
			hasScannedForEncodings = 0;
			knownRegions = (
				en,
				Base,
			);
			mainGroup = 52D6D9721BEFF229002C0205;
			productRefGroup = 52D6D97D1BEFF229002C0205 /* Products */;
			projectDirPath = "";
			projectRoot = "";
			targets = (
				52D6D97B1BEFF229002C0205 /* SwiftFortuneWheel */,
				52D6D9851BEFF229002C0205 /* SwiftFortuneWheelTests */,
			);
		};
/* End PBXProject section */

/* Begin PBXResourcesBuildPhase section */
		52D6D97A1BEFF229002C0205 /* Resources */ = {
			isa = PBXResourcesBuildPhase;
			buildActionMask = 2147483647;
			files = (
			);
			runOnlyForDeploymentPostprocessing = 0;
		};
		52D6D9841BEFF229002C0205 /* Resources */ = {
			isa = PBXResourcesBuildPhase;
			buildActionMask = 2147483647;
			files = (
			);
			runOnlyForDeploymentPostprocessing = 0;
		};
/* End PBXResourcesBuildPhase section */

/* Begin PBXSourcesBuildPhase section */
		52D6D9771BEFF229002C0205 /* Sources */ = {
			isa = PBXSourcesBuildPhase;
			buildActionMask = 2147483647;
			files = (
				277FCC70251DC3F600CC6590 /* CAAnimationGroup+Builder.swift in Sources */,
				27A5742E253EB81200B060FF /* SynchronizedDictionary.swift in Sources */,
				27105685248D4C93006C0181 /* WheelView.swift in Sources */,
				27105678248D4C93006C0181 /* SliceCalculating.swift in Sources */,
				277A6EBE249A9B450066C807 /* LinePreferences.swift in Sources */,
				27105681248D4C93006C0181 /* SwiftFortuneWheel.swift in Sources */,
				27105671248D4C93006C0181 /* ImagePreferences.swift in Sources */,
				27A5742A253EB71400B060FF /* SynchronizedArray.swift in Sources */,
				277C4C2B24C85D25007580F4 /* CGRect+AspectFill.swift in Sources */,
				27105675248D4C93006C0181 /* SpinningAnimatable.swift in Sources */,
				27F7D5BF24A5F6B0004BEE19 /* String+Dots.swift in Sources */,
				27105684248D4C93006C0181 /* WheelLayer.swift in Sources */,
				27105679248D4C93006C0181 /* WheelMathCalculating.swift in Sources */,
				27105674248D4C93006C0181 /* CurveTextDrawing.swift in Sources */,
				27105673248D4C93006C0181 /* SliceDrawing.swift in Sources */,
				27E291C02550300800486B6D /* AudioPlayable.swift in Sources */,
				271C192F254841370042A316 /* AudioFile.swift in Sources */,
				2720684224BC31190025815D /* macOSPort.swift in Sources */,
				2722559924BCA4A400950563 /* NSView+AnchorPoint.swift in Sources */,
				2710567D248D4C93006C0181 /* String+Crop.swift in Sources */,
				2710F817254A9C5100033887 /* ContinuousCollisionCalculator.swift in Sources */,
				27E291C42550309200486B6D /* ImpactFeedbackable.swift in Sources */,
				2710567F248D4C93006C0181 /* CGRest+AspectFit.swift in Sources */,
				27105683248D4C93006C0181 /* SpinButton.swift in Sources */,
				2710567A248D4C93006C0181 /* Slice.swift in Sources */,
				2710F813254A9A6C00033887 /* CollisionCalculator.swift in Sources */,
				275855A825628E8B009B69D0 /* CollisionEffect.swift in Sources */,
				2787E56E24A728F900533AD4 /* String+Width.swift in Sources */,
				2710567B248D4C93006C0181 /* UIFont+Size.swift in Sources */,
				27A57422253EB46D00B060FF /* AudioPlayerManager.swift in Sources */,
				27F4807F24AEE5C6005886F6 /* Calc.swift in Sources */,
				27F4807924AEE406005886F6 /* TextDrawing.swift in Sources */,
				2787E57024A7292F00533AD4 /* String+Lines.swift in Sources */,
				27105680248D4C93006C0181 /* Array+Default.swift in Sources */,
				27105677248D4C93006C0181 /* SpinningWheelAnimator.swift in Sources */,
				27A5741E253EB46300B060FF /* AudioPlayer.swift in Sources */,
				2722559B24BCD7F400950563 /* NoClippingLayer.swift in Sources */,
				2710567E248D4C93006C0181 /* UIImage+TintColor.swift in Sources */,
				27105682248D4C93006C0181 /* PinImageView.swift in Sources */,
				27F4807B24AEE426005886F6 /* ShapeDrawing.swift in Sources */,
				27A57426253EB57900B060FF /* AudioError.swift in Sources */,
				277FCC77251DC69900CC6590 /* CAAnimation+Duration.swift in Sources */,
				27F4807D24AEE431005886F6 /* ImageDrawing.swift in Sources */,
				277FCC7B251DC89700CC6590 /* CALayer+UpdateValues.swift in Sources */,
				27F7D5BD24A5CB6A004BEE19 /* String+Split.swift in Sources */,
				2710567C248D4C93006C0181 /* Color+Random.swift in Sources */,
				27105670248D4C93006C0181 /* TextPreferences.swift in Sources */,
				277BB2B2253B3AB5007E7E93 /* CollisionDetector.swift in Sources */,
				2725A0342549386C00C6F7CF /* CollisionType.swift in Sources */,
				2710F81B254ABA3900033887 /* CollisionDetectable.swift in Sources */,
				2703B4F4248E204E00FB50F9 /* SFWConfiguration.swift in Sources */,
				275855AC25628ED9009B69D0 /* PinImageViewCollisionAnimator.swift in Sources */,
			);
			runOnlyForDeploymentPostprocessing = 0;
		};
		52D6D9821BEFF229002C0205 /* Sources */ = {
			isa = PBXSourcesBuildPhase;
			buildActionMask = 2147483647;
			files = (
				270550AC255D501E008D331B /* MockWheelMathCalculation.swift in Sources */,
				270550A6255D4F9F008D331B /* MockSliceCalculation.swift in Sources */,
				8933C7901EB5B82D000D00A4 /* SwiftFortuneWheelTests.swift in Sources */,
				270550B1255D5104008D331B /* CalculationTests.swift in Sources */,
			);
			runOnlyForDeploymentPostprocessing = 0;
		};
/* End PBXSourcesBuildPhase section */

/* Begin PBXTargetDependency section */
		52D6D9891BEFF229002C0205 /* PBXTargetDependency */ = {
			isa = PBXTargetDependency;
			target = 52D6D97B1BEFF229002C0205 /* SwiftFortuneWheel */;
			targetProxy = 52D6D9881BEFF229002C0205 /* PBXContainerItemProxy */;
		};
/* End PBXTargetDependency section */

/* Begin XCBuildConfiguration section */
		52D6D98E1BEFF229002C0205 /* Debug */ = {
			isa = XCBuildConfiguration;
			buildSettings = {
				ALWAYS_SEARCH_USER_PATHS = NO;
				CLANG_ANALYZER_LOCALIZABILITY_NONLOCALIZED = YES;
				CLANG_CXX_LANGUAGE_STANDARD = "gnu++0x";
				CLANG_CXX_LIBRARY = "libc++";
				CLANG_ENABLE_MODULES = YES;
				CLANG_ENABLE_OBJC_ARC = YES;
				CLANG_WARN_BLOCK_CAPTURE_AUTORELEASING = YES;
				CLANG_WARN_BOOL_CONVERSION = YES;
				CLANG_WARN_COMMA = YES;
				CLANG_WARN_CONSTANT_CONVERSION = YES;
				CLANG_WARN_DEPRECATED_OBJC_IMPLEMENTATIONS = YES;
				CLANG_WARN_DIRECT_OBJC_ISA_USAGE = YES_ERROR;
				CLANG_WARN_EMPTY_BODY = YES;
				CLANG_WARN_ENUM_CONVERSION = YES;
				CLANG_WARN_INFINITE_RECURSION = YES;
				CLANG_WARN_INT_CONVERSION = YES;
				CLANG_WARN_NON_LITERAL_NULL_CONVERSION = YES;
				CLANG_WARN_OBJC_IMPLICIT_RETAIN_SELF = YES;
				CLANG_WARN_OBJC_LITERAL_CONVERSION = YES;
				CLANG_WARN_OBJC_ROOT_CLASS = YES_ERROR;
				CLANG_WARN_QUOTED_INCLUDE_IN_FRAMEWORK_HEADER = YES;
				CLANG_WARN_RANGE_LOOP_ANALYSIS = YES;
				CLANG_WARN_STRICT_PROTOTYPES = YES;
				CLANG_WARN_SUSPICIOUS_MOVE = YES;
				CLANG_WARN_UNREACHABLE_CODE = YES;
				CLANG_WARN__DUPLICATE_METHOD_MATCH = YES;
				"CODE_SIGN_IDENTITY[sdk=iphoneos*]" = "iPhone Developer";
				COPY_PHASE_STRIP = NO;
				CURRENT_PROJECT_VERSION = 1;
				DEBUG_INFORMATION_FORMAT = dwarf;
				ENABLE_STRICT_OBJC_MSGSEND = YES;
				ENABLE_TESTABILITY = YES;
				GCC_C_LANGUAGE_STANDARD = gnu99;
				GCC_DYNAMIC_NO_PIC = NO;
				GCC_NO_COMMON_BLOCKS = YES;
				GCC_OPTIMIZATION_LEVEL = 0;
				GCC_PREPROCESSOR_DEFINITIONS = (
					"DEBUG=1",
					"$(inherited)",
				);
				GCC_WARN_64_TO_32_BIT_CONVERSION = YES;
				GCC_WARN_ABOUT_RETURN_TYPE = YES_ERROR;
				GCC_WARN_UNDECLARED_SELECTOR = YES;
				GCC_WARN_UNINITIALIZED_AUTOS = YES_AGGRESSIVE;
				GCC_WARN_UNUSED_FUNCTION = YES;
				GCC_WARN_UNUSED_VARIABLE = YES;
				IPHONEOS_DEPLOYMENT_TARGET = 8.0;
				MTL_ENABLE_DEBUG_INFO = YES;
				ONLY_ACTIVE_ARCH = YES;
				SDKROOT = iphoneos;
				SWIFT_OPTIMIZATION_LEVEL = "-Onone";
				SWIFT_VERSION = 5.0;
				TARGETED_DEVICE_FAMILY = "1,2";
				VERSIONING_SYSTEM = "apple-generic";
				VERSION_INFO_PREFIX = "";
			};
			name = Debug;
		};
		52D6D98F1BEFF229002C0205 /* Release */ = {
			isa = XCBuildConfiguration;
			buildSettings = {
				ALWAYS_SEARCH_USER_PATHS = NO;
				CLANG_ANALYZER_LOCALIZABILITY_NONLOCALIZED = YES;
				CLANG_CXX_LANGUAGE_STANDARD = "gnu++0x";
				CLANG_CXX_LIBRARY = "libc++";
				CLANG_ENABLE_MODULES = YES;
				CLANG_ENABLE_OBJC_ARC = YES;
				CLANG_WARN_BLOCK_CAPTURE_AUTORELEASING = YES;
				CLANG_WARN_BOOL_CONVERSION = YES;
				CLANG_WARN_COMMA = YES;
				CLANG_WARN_CONSTANT_CONVERSION = YES;
				CLANG_WARN_DEPRECATED_OBJC_IMPLEMENTATIONS = YES;
				CLANG_WARN_DIRECT_OBJC_ISA_USAGE = YES_ERROR;
				CLANG_WARN_EMPTY_BODY = YES;
				CLANG_WARN_ENUM_CONVERSION = YES;
				CLANG_WARN_INFINITE_RECURSION = YES;
				CLANG_WARN_INT_CONVERSION = YES;
				CLANG_WARN_NON_LITERAL_NULL_CONVERSION = YES;
				CLANG_WARN_OBJC_IMPLICIT_RETAIN_SELF = YES;
				CLANG_WARN_OBJC_LITERAL_CONVERSION = YES;
				CLANG_WARN_OBJC_ROOT_CLASS = YES_ERROR;
				CLANG_WARN_QUOTED_INCLUDE_IN_FRAMEWORK_HEADER = YES;
				CLANG_WARN_RANGE_LOOP_ANALYSIS = YES;
				CLANG_WARN_STRICT_PROTOTYPES = YES;
				CLANG_WARN_SUSPICIOUS_MOVE = YES;
				CLANG_WARN_UNREACHABLE_CODE = YES;
				CLANG_WARN__DUPLICATE_METHOD_MATCH = YES;
				"CODE_SIGN_IDENTITY[sdk=iphoneos*]" = "iPhone Developer";
				COPY_PHASE_STRIP = NO;
				CURRENT_PROJECT_VERSION = 1;
				DEBUG_INFORMATION_FORMAT = "dwarf-with-dsym";
				ENABLE_NS_ASSERTIONS = NO;
				ENABLE_STRICT_OBJC_MSGSEND = YES;
				GCC_C_LANGUAGE_STANDARD = gnu99;
				GCC_NO_COMMON_BLOCKS = YES;
				GCC_WARN_64_TO_32_BIT_CONVERSION = YES;
				GCC_WARN_ABOUT_RETURN_TYPE = YES_ERROR;
				GCC_WARN_UNDECLARED_SELECTOR = YES;
				GCC_WARN_UNINITIALIZED_AUTOS = YES_AGGRESSIVE;
				GCC_WARN_UNUSED_FUNCTION = YES;
				GCC_WARN_UNUSED_VARIABLE = YES;
				IPHONEOS_DEPLOYMENT_TARGET = 8.0;
				MTL_ENABLE_DEBUG_INFO = NO;
				SDKROOT = iphoneos;
				SWIFT_VERSION = 5.0;
				TARGETED_DEVICE_FAMILY = "1,2";
				VALIDATE_PRODUCT = YES;
				VERSIONING_SYSTEM = "apple-generic";
				VERSION_INFO_PREFIX = "";
			};
			name = Release;
		};
		52D6D9911BEFF229002C0205 /* Debug */ = {
			isa = XCBuildConfiguration;
			buildSettings = {
				APPLICATION_EXTENSION_API_ONLY = YES;
				BUILD_LIBRARY_FOR_DISTRIBUTION = YES;
				CLANG_ENABLE_MODULES = YES;
				CLANG_ENABLE_MODULE_DEBUGGING = NO;
				"CODE_SIGN_IDENTITY[sdk=iphoneos*]" = "";
				DEFINES_MODULE = YES;
				DYLIB_COMPATIBILITY_VERSION = 1;
				DYLIB_CURRENT_VERSION = 1;
				DYLIB_INSTALL_NAME_BASE = "@rpath";
				INFOPLIST_FILE = Configs/SwiftFortuneWheel.plist;
				INSTALL_PATH = "$(LOCAL_LIBRARY_DIR)/Frameworks";
				IPHONEOS_DEPLOYMENT_TARGET = 9.0;
				LD_RUNPATH_SEARCH_PATHS = "$(inherited) @executable_path/Frameworks @loader_path/Frameworks";
				MACOSX_DEPLOYMENT_TARGET = 10.11;
				ONLY_ACTIVE_ARCH = NO;
				PRODUCT_BUNDLE_IDENTIFIER = "com.SwiftFortuneWheel.SwiftFortuneWheel-iOS";
				PRODUCT_NAME = SwiftFortuneWheel;
				SDKROOT = iphoneos;
				SKIP_INSTALL = YES;
				SUPPORTED_PLATFORMS = "iphonesimulator iphoneos appletvsimulator appletvos macosx";
				SWIFT_OPTIMIZATION_LEVEL = "-Onone";
				SWIFT_VERSION = 5.0;
				TARGETED_DEVICE_FAMILY = "1,2,3,6";
				TVOS_DEPLOYMENT_TARGET = 9.0;
			};
			name = Debug;
		};
		52D6D9921BEFF229002C0205 /* Release */ = {
			isa = XCBuildConfiguration;
			buildSettings = {
				APPLICATION_EXTENSION_API_ONLY = YES;
				BUILD_LIBRARY_FOR_DISTRIBUTION = YES;
				CLANG_ENABLE_MODULES = YES;
				CLANG_ENABLE_MODULE_DEBUGGING = NO;
				"CODE_SIGN_IDENTITY[sdk=iphoneos*]" = "";
				DEFINES_MODULE = YES;
				DYLIB_COMPATIBILITY_VERSION = 1;
				DYLIB_CURRENT_VERSION = 1;
				DYLIB_INSTALL_NAME_BASE = "@rpath";
				INFOPLIST_FILE = Configs/SwiftFortuneWheel.plist;
				INSTALL_PATH = "$(LOCAL_LIBRARY_DIR)/Frameworks";
				IPHONEOS_DEPLOYMENT_TARGET = 9.0;
				LD_RUNPATH_SEARCH_PATHS = "$(inherited) @executable_path/Frameworks @loader_path/Frameworks";
				MACOSX_DEPLOYMENT_TARGET = 10.11;
				PRODUCT_BUNDLE_IDENTIFIER = "com.SwiftFortuneWheel.SwiftFortuneWheel-iOS";
				PRODUCT_NAME = SwiftFortuneWheel;
				SDKROOT = iphoneos;
				SKIP_INSTALL = YES;
				SUPPORTED_PLATFORMS = "iphonesimulator iphoneos appletvsimulator appletvos macosx";
				SWIFT_OPTIMIZATION_LEVEL = "-Owholemodule";
				SWIFT_VERSION = 5.0;
				TARGETED_DEVICE_FAMILY = "1,2,3,6";
				TVOS_DEPLOYMENT_TARGET = 9.0;
			};
			name = Release;
		};
		52D6D9941BEFF229002C0205 /* Debug */ = {
			isa = XCBuildConfiguration;
			buildSettings = {
				ALWAYS_EMBED_SWIFT_STANDARD_LIBRARIES = YES;
				CLANG_ENABLE_MODULES = YES;
				INFOPLIST_FILE = Configs/SwiftFortuneWheelTests.plist;
				LD_RUNPATH_SEARCH_PATHS = "$(inherited) @executable_path/Frameworks @loader_path/Frameworks";
				PRODUCT_BUNDLE_IDENTIFIER = "com.SwiftFortuneWheel.SwiftFortuneWheel-iOS-Tests";
				PRODUCT_NAME = "$(TARGET_NAME)";
				SUPPORTED_PLATFORMS = "iphonesimulator iphoneos appletvsimulator appletvos";
				SWIFT_OPTIMIZATION_LEVEL = "-Onone";
				SWIFT_VERSION = 5.0;
			};
			name = Debug;
		};
		52D6D9951BEFF229002C0205 /* Release */ = {
			isa = XCBuildConfiguration;
			buildSettings = {
				ALWAYS_EMBED_SWIFT_STANDARD_LIBRARIES = YES;
				CLANG_ENABLE_MODULES = YES;
				INFOPLIST_FILE = Configs/SwiftFortuneWheelTests.plist;
				LD_RUNPATH_SEARCH_PATHS = "$(inherited) @executable_path/Frameworks @loader_path/Frameworks";
				PRODUCT_BUNDLE_IDENTIFIER = "com.SwiftFortuneWheel.SwiftFortuneWheel-iOS-Tests";
				PRODUCT_NAME = "$(TARGET_NAME)";
				SUPPORTED_PLATFORMS = "iphonesimulator iphoneos appletvsimulator appletvos";
				SWIFT_OPTIMIZATION_LEVEL = "-Owholemodule";
				SWIFT_VERSION = 5.0;
			};
			name = Release;
		};
/* End XCBuildConfiguration section */

/* Begin XCConfigurationList section */
		52D6D9761BEFF229002C0205 /* Build configuration list for PBXProject "SwiftFortuneWheel" */ = {
			isa = XCConfigurationList;
			buildConfigurations = (
				52D6D98E1BEFF229002C0205 /* Debug */,
				52D6D98F1BEFF229002C0205 /* Release */,
			);
			defaultConfigurationIsVisible = 0;
			defaultConfigurationName = Release;
		};
		52D6D9901BEFF229002C0205 /* Build configuration list for PBXNativeTarget "SwiftFortuneWheel" */ = {
			isa = XCConfigurationList;
			buildConfigurations = (
				52D6D9911BEFF229002C0205 /* Debug */,
				52D6D9921BEFF229002C0205 /* Release */,
			);
			defaultConfigurationIsVisible = 0;
			defaultConfigurationName = Release;
		};
		52D6D9931BEFF229002C0205 /* Build configuration list for PBXNativeTarget "SwiftFortuneWheelTests" */ = {
			isa = XCConfigurationList;
			buildConfigurations = (
				52D6D9941BEFF229002C0205 /* Debug */,
				52D6D9951BEFF229002C0205 /* Release */,
			);
			defaultConfigurationIsVisible = 0;
			defaultConfigurationName = Release;
		};
/* End XCConfigurationList section */
	};
	rootObject = 52D6D9731BEFF229002C0205 /* Project object */;
}
